{
  "name": "Data-Engineering",
  "lockfileVersion": 3,
  "requires": true,
  "packages": {
    "": {
      "dependencies": {
        "focus-visible": "^5.2.1"
      }
    },
    "node_modules/focus-visible": {
      "version": "5.2.1",
      "resolved": "https://registry.npmjs.org/focus-visible/-/focus-visible-5.2.1.tgz",
      "integrity": "sha512-8Bx950VD1bWTQJEH/AM6SpEk+SU55aVnp4Ujhuuxy3eMEBCRwBnTBnVXr9YAPvZL3/CNjCa8u4IWfNmEO53whA=="
    }
  }
}
